
Microsoft Visual Studio Solution File, Format Version 12.00
# Visual Studio Version 17
VisualStudioVersion = 17.3.32819.101
MinimumVisualStudioVersion = 10.0.40219.1
Project("{FAE04EC0-301F-11D3-BF4B-00C04F79EFBC}") = "AvansDevOps", "AvansDevOps.csproj", "{F81972E0-1171-4F8F-B1D3-94E52C42EA3C}"
EndProject
Project("{FAE04EC0-301F-11D3-BF4B-00C04F79EFBC}") = "AvansDevOps.Tests", "..\AvansDevOps.Tests\AvansDevOps.Tests.csproj", "{8A344D71-06EC-4AFC-9ED4-1DE87C6D3B7B}"
EndProject
Project("{2150E333-8FDC-42A3-9474-1A3956D46DE8}") = "Solution Items", "Solution Items", "{8B4C0ED7-F368-47DD-B130-EBE048D516F6}"
	ProjectSection(SolutionItems) = preProject
		..\.gitignore = ..\.gitignore
	EndProjectSection
EndProject
Global
	GlobalSection(SolutionConfigurationPlatforms) = preSolution
		Debug|Any CPU = Debug|Any CPU
		Release|Any CPU = Release|Any CPU
	EndGlobalSection
	GlobalSection(ProjectConfigurationPlatforms) = postSolution
		{F81972E0-1171-4F8F-B1D3-94E52C42EA3C}.Debug|Any CPU.ActiveCfg = Debug|Any CPU
		{F81972E0-1171-4F8F-B1D3-94E52C42EA3C}.Debug|Any CPU.Build.0 = Debug|Any CPU
		{F81972E0-1171-4F8F-B1D3-94E52C42EA3C}.Release|Any CPU.ActiveCfg = Release|Any CPU
		{F81972E0-1171-4F8F-B1D3-94E52C42EA3C}.Release|Any CPU.Build.0 = Release|Any CPU
		{8A344D71-06EC-4AFC-9ED4-1DE87C6D3B7B}.Debug|Any CPU.ActiveCfg = Debug|Any CPU
		{8A344D71-06EC-4AFC-9ED4-1DE87C6D3B7B}.Debug|Any CPU.Build.0 = Debug|Any CPU
		{8A344D71-06EC-4AFC-9ED4-1DE87C6D3B7B}.Release|Any CPU.ActiveCfg = Release|Any CPU
		{8A344D71-06EC-4AFC-9ED4-1DE87C6D3B7B}.Release|Any CPU.Build.0 = Release|Any CPU
	EndGlobalSection
	GlobalSection(SolutionProperties) = preSolution
		HideSolutionNode = FALSE
	EndGlobalSection
	GlobalSection(ExtensibilityGlobals) = postSolution
		SolutionGuid = {72E31422-08EF-4160-88AD-CB8FDBACB4BC}
	EndGlobalSection
EndGlobal
